PODS:
  - CollectionViewCenteredFlowLayout (1.0.1)
  - DGCollectionViewLeftAlignFlowLayout (1.0.4)
  - UIEmptyState (4.0.1)

DEPENDENCIES:
  - CollectionViewCenteredFlowLayout
  - DGCollectionViewLeftAlignFlowLayout
  - UIEmptyState

SPEC REPOS:
  trunk:
    - CollectionViewCenteredFlowLayout
    - DGCollectionViewLeftAlignFlowLayout
    - UIEmptyState

SPEC CHECKSUMS:
  CollectionViewCenteredFlowLayout: 339b935be4d8578c59e448c8906117a07c657d85
  DGCollectionViewLeftAlignFlowLayout: a0fa58797373ded039cafba8133e79373d048399
  UIEmptyState: 767376694d9402452fb3c0a5a5283176c6a53c92

PODFILE CHECKSUM: 48f1e41b1940d2cf5cf319b1d9e6168be6132662

COCOAPODS: 1.8.4
