// !$*UTF8*$!
{
	archiveVersion = 1;
	classes = {
	};
	objectVersion = 51;
	objects = {

/* Begin PBXBuildFile section */
		773F32E324D01B1A006C8482 /* CardResultView.swift in Sources */ = {isa = PBXBuildFile; fileRef = 773F32E224D01B1A006C8482 /* CardResultView.swift */; };
		7785D20A24EC02BD00555343 /* loading_animation.json in Resources */ = {isa = PBXBuildFile; fileRef = 7785D20924EC02BD00555343 /* loading_animation.json */; };
		7785D20C24EC030000555343 /* CardsUserDefaults.swift in Sources */ = {isa = PBXBuildFile; fileRef = 7785D20B24EC030000555343 /* CardsUserDefaults.swift */; };
		7785D20E24EC034400555343 /* CategoryVC+AddFavouriteWord.swift in Sources */ = {isa = PBXBuildFile; fileRef = 7785D20D24EC034400555343 /* CategoryVC+AddFavouriteWord.swift */; };
		7785D21024EC039800555343 /* AddFavouriteWordView.swift in Sources */ = {isa = PBXBuildFile; fileRef = 7785D20F24EC039800555343 /* AddFavouriteWordView.swift */; };
		77DD303924EC01A8004C93B0 /* LoadingView.swift in Sources */ = {isa = PBXBuildFile; fileRef = 77DD303824EC01A8004C93B0 /* LoadingView.swift */; };
		77F02D6C24B6021300F15519 /* CardsViewController.swift in Sources */ = {isa = PBXBuildFile; fileRef = 77F02D6B24B6021300F15519 /* CardsViewController.swift */; };
		77F02D6E24B639E600F15519 /* Word.swift in Sources */ = {isa = PBXBuildFile; fileRef = 77F02D6D24B639E600F15519 /* Word.swift */; };
		C401EA8E24BB580E00FB116F /* MainTabBarController.swift in Sources */ = {isa = PBXBuildFile; fileRef = C401EA8D24BB580E00FB116F /* MainTabBarController.swift */; };
		C40384CA24EBCBF100675C08 /* HomeBackgroundHeaderView.swift in Sources */ = {isa = PBXBuildFile; fileRef = C40384C924EBCBF100675C08 /* HomeBackgroundHeaderView.swift */; };
		C40384CD24EBFD1000675C08 /* TodayCardsViewController.swift in Sources */ = {isa = PBXBuildFile; fileRef = C40384CC24EBFD1000675C08 /* TodayCardsViewController.swift */; };
		C41F63AA24B472560051FD7B /* AppDelegate.swift in Sources */ = {isa = PBXBuildFile; fileRef = C41F63A924B472560051FD7B /* AppDelegate.swift */; };
		C41F63AC24B472560051FD7B /* SceneDelegate.swift in Sources */ = {isa = PBXBuildFile; fileRef = C41F63AB24B472560051FD7B /* SceneDelegate.swift */; };
		C41F63B124B472560051FD7B /* Main.storyboard in Resources */ = {isa = PBXBuildFile; fileRef = C41F63AF24B472560051FD7B /* Main.storyboard */; };
		C41F63B324B472570051FD7B /* Assets.xcassets in Resources */ = {isa = PBXBuildFile; fileRef = C41F63B224B472570051FD7B /* Assets.xcassets */; };
		C41F63B624B472570051FD7B /* LaunchScreen.storyboard in Resources */ = {isa = PBXBuildFile; fileRef = C41F63B424B472570051FD7B /* LaunchScreen.storyboard */; };
		C41F63BE24B485FB0051FD7B /* HomeCollectionViewController.swift in Sources */ = {isa = PBXBuildFile; fileRef = C41F63BD24B485FB0051FD7B /* HomeCollectionViewController.swift */; };
		C41F63C024B493AC0051FD7B /* HomeCollectionViewHeader.swift in Sources */ = {isa = PBXBuildFile; fileRef = C41F63BF24B493AC0051FD7B /* HomeCollectionViewHeader.swift */; };
		C41F63C524B4996C0051FD7B /* Extensions+UIView.swift in Sources */ = {isa = PBXBuildFile; fileRef = C41F63C424B4996C0051FD7B /* Extensions+UIView.swift */; };
		C41F63C924B4A68C0051FD7B /* UserProfileView.swift in Sources */ = {isa = PBXBuildFile; fileRef = C41F63C824B4A68C0051FD7B /* UserProfileView.swift */; };
		C41F63CB24B4A69B0051FD7B /* CardView.swift in Sources */ = {isa = PBXBuildFile; fileRef = C41F63CA24B4A69B0051FD7B /* CardView.swift */; };
		C42EBA4A24B717B100F20BB5 /* Sentence.swift in Sources */ = {isa = PBXBuildFile; fileRef = C42EBA4924B717B100F20BB5 /* Sentence.swift */; };
		C4306D9C24DD6C4D00223561 /* HomeViewController.swift in Sources */ = {isa = PBXBuildFile; fileRef = C4306D9B24DD6C4D00223561 /* HomeViewController.swift */; };
		C4306D9E24DD7EB900223561 /* Etensions+UIButton.swift in Sources */ = {isa = PBXBuildFile; fileRef = C4306D9D24DD7EB900223561 /* Etensions+UIButton.swift */; };
		C4306DA024DD869600223561 /* Extensions+CGFloat.swift in Sources */ = {isa = PBXBuildFile; fileRef = C4306D9F24DD869600223561 /* Extensions+CGFloat.swift */; };
		C4306DA624DDBDF100223561 /* SettingsView.swift in Sources */ = {isa = PBXBuildFile; fileRef = C4306DA524DDBDF100223561 /* SettingsView.swift */; };
		C4306DA824DDF2F100223561 /* SettingsViewController.swift in Sources */ = {isa = PBXBuildFile; fileRef = C4306DA724DDF2F100223561 /* SettingsViewController.swift */; };
		C4348EE824DF4C3300102967 /* Storage+Category.swift in Sources */ = {isa = PBXBuildFile; fileRef = C4348EE724DF4C3300102967 /* Storage+Category.swift */; };
		C4348EEA24DF4C8600102967 /* Storage+Level.swift in Sources */ = {isa = PBXBuildFile; fileRef = C4348EE924DF4C8600102967 /* Storage+Level.swift */; };
		C4348EED24DF4E9F00102967 /* Storage+Sentence.swift in Sources */ = {isa = PBXBuildFile; fileRef = C4348EEC24DF4E9F00102967 /* Storage+Sentence.swift */; };
		C438ABD724CECEDA0043D234 /* Extensions+Array.swift in Sources */ = {isa = PBXBuildFile; fileRef = C438ABD624CECEDA0043D234 /* Extensions+Array.swift */; };
		C438ABD924CEE4BC0043D234 /* Storage.swift in Sources */ = {isa = PBXBuildFile; fileRef = C438ABD824CEE4BC0043D234 /* Storage.swift */; };
		C438ABDB24CEE8550043D234 /* Extensions+Calendar.swift in Sources */ = {isa = PBXBuildFile; fileRef = C438ABDA24CEE8550043D234 /* Extensions+Calendar.swift */; };
		C438ABDD24CFFDBC0043D234 /* CardsConfigurationView.swift in Sources */ = {isa = PBXBuildFile; fileRef = C438ABDC24CFFDBC0043D234 /* CardsConfigurationView.swift */; };
		C448E6FC24BDB1E70057881D /* CategoryTableViewController.swift in Sources */ = {isa = PBXBuildFile; fileRef = C448E6FB24BDB1E70057881D /* CategoryTableViewController.swift */; };
		C448E6FE24BDB3880057881D /* Extensions+UIColor.swift in Sources */ = {isa = PBXBuildFile; fileRef = C448E6FD24BDB3880057881D /* Extensions+UIColor.swift */; };
		C448E70024BDDBA40057881D /* CategoryTableViewCell.swift in Sources */ = {isa = PBXBuildFile; fileRef = C448E6FF24BDDBA40057881D /* CategoryTableViewCell.swift */; };
		C4660C3124C999FC00658073 /* CategoryTableViewController+UIEmptyState.swift in Sources */ = {isa = PBXBuildFile; fileRef = C4660C3024C999FC00658073 /* CategoryTableViewController+UIEmptyState.swift */; };
		C473ECD124B85C4B00895008 /* TodayCardView.swift in Sources */ = {isa = PBXBuildFile; fileRef = C473ECD024B85C4B00895008 /* TodayCardView.swift */; };
		C47585BE24C84AE5008199E2 /* WordzAppModels.xcdatamodeld in Sources */ = {isa = PBXBuildFile; fileRef = C47585BC24C84AE5008199E2 /* WordzAppModels.xcdatamodeld */; };
		C47EF66824E9203C006F5971 /* Architecture.swift in Sources */ = {isa = PBXBuildFile; fileRef = C47EF66724E9203C006F5971 /* Architecture.swift */; };
		C47EF66C24E9712F006F5971 /* Extensions+UINavigationController.swift in Sources */ = {isa = PBXBuildFile; fileRef = C47EF66B24E9712F006F5971 /* Extensions+UINavigationController.swift */; };
		C481AEC124B4BFC200F2FC7B /* HomeCollectionViewCell.swift in Sources */ = {isa = PBXBuildFile; fileRef = C481AEC024B4BFC200F2FC7B /* HomeCollectionViewCell.swift */; };
		C4C3461824CB41120030D8C3 /* CoreDataManager+Category.swift in Sources */ = {isa = PBXBuildFile; fileRef = C4C3461724CB41120030D8C3 /* CoreDataManager+Category.swift */; };
		C4C3461A24CB41640030D8C3 /* CoreDataManager+Level.swift in Sources */ = {isa = PBXBuildFile; fileRef = C4C3461924CB41640030D8C3 /* CoreDataManager+Level.swift */; };
		C4DCD05F24D9DA92008CB85F /* Extensions+UIImage.swift in Sources */ = {isa = PBXBuildFile; fileRef = C4DCD05E24D9DA92008CB85F /* Extensions+UIImage.swift */; };
		C4E85D7924C8610F00D2B708 /* CategoryViewController.swift in Sources */ = {isa = PBXBuildFile; fileRef = C4E85D7824C8610F00D2B708 /* CategoryViewController.swift */; };
		C4E85D7B24C88DD600D2B708 /* CoreDataManager.swift in Sources */ = {isa = PBXBuildFile; fileRef = C4E85D7A24C88DD600D2B708 /* CoreDataManager.swift */; };
		C4F37F3824B5048500D7807D /* CategoryCollectionViewController.swift in Sources */ = {isa = PBXBuildFile; fileRef = C4F37F3724B5048500D7807D /* CategoryCollectionViewController.swift */; };
		C4F37F3A24B5051600D7807D /* CategoryCollectionViewCell.swift in Sources */ = {isa = PBXBuildFile; fileRef = C4F37F3924B5051600D7807D /* CategoryCollectionViewCell.swift */; };
		C4F37F3C24B5F68800D7807D /* Category.swift in Sources */ = {isa = PBXBuildFile; fileRef = C4F37F3B24B5F68800D7807D /* Category.swift */; };
		C7FBF5881BE7900F01175F49 /* Pods_WordzApp.framework in Frameworks */ = {isa = PBXBuildFile; fileRef = CC287A4A4EE90E11FECA748D /* Pods_WordzApp.framework */; };
/* End PBXBuildFile section */

/* Begin PBXFileReference section */
		4C629AF4A5F8A24D7137CA8B /* Pods-WordzApp.release.xcconfig */ = {isa = PBXFileReference; includeInIndex = 1; lastKnownFileType = text.xcconfig; name = "Pods-WordzApp.release.xcconfig"; path = "Target Support Files/Pods-WordzApp/Pods-WordzApp.release.xcconfig"; sourceTree = "<group>"; };
		773F32E224D01B1A006C8482 /* CardResultView.swift */ = {isa = PBXFileReference; lastKnownFileType = sourcecode.swift; path = CardResultView.swift; sourceTree = "<group>"; };
		7785D20924EC02BD00555343 /* loading_animation.json */ = {isa = PBXFileReference; fileEncoding = 4; lastKnownFileType = text.json; path = loading_animation.json; sourceTree = "<group>"; };
		7785D20B24EC030000555343 /* CardsUserDefaults.swift */ = {isa = PBXFileReference; lastKnownFileType = sourcecode.swift; path = CardsUserDefaults.swift; sourceTree = "<group>"; };
		7785D20D24EC034400555343 /* CategoryVC+AddFavouriteWord.swift */ = {isa = PBXFileReference; lastKnownFileType = sourcecode.swift; path = "CategoryVC+AddFavouriteWord.swift"; sourceTree = "<group>"; };
		7785D20F24EC039800555343 /* AddFavouriteWordView.swift */ = {isa = PBXFileReference; lastKnownFileType = sourcecode.swift; path = AddFavouriteWordView.swift; sourceTree = "<group>"; };
		77DD303824EC01A8004C93B0 /* LoadingView.swift */ = {isa = PBXFileReference; lastKnownFileType = sourcecode.swift; path = LoadingView.swift; sourceTree = "<group>"; };
		77F02D6B24B6021300F15519 /* CardsViewController.swift */ = {isa = PBXFileReference; lastKnownFileType = sourcecode.swift; path = CardsViewController.swift; sourceTree = "<group>"; };
		77F02D6D24B639E600F15519 /* Word.swift */ = {isa = PBXFileReference; lastKnownFileType = sourcecode.swift; path = Word.swift; sourceTree = "<group>"; };
		A308E6FBFD2F7A104FEAF4F4 /* Pods-WordzApp.debug.xcconfig */ = {isa = PBXFileReference; includeInIndex = 1; lastKnownFileType = text.xcconfig; name = "Pods-WordzApp.debug.xcconfig"; path = "Target Support Files/Pods-WordzApp/Pods-WordzApp.debug.xcconfig"; sourceTree = "<group>"; };
		C401EA8D24BB580E00FB116F /* MainTabBarController.swift */ = {isa = PBXFileReference; lastKnownFileType = sourcecode.swift; path = MainTabBarController.swift; sourceTree = "<group>"; };
		C40384C924EBCBF100675C08 /* HomeBackgroundHeaderView.swift */ = {isa = PBXFileReference; fileEncoding = 4; lastKnownFileType = sourcecode.swift; path = HomeBackgroundHeaderView.swift; sourceTree = "<group>"; };
		C40384CC24EBFD1000675C08 /* TodayCardsViewController.swift */ = {isa = PBXFileReference; lastKnownFileType = sourcecode.swift; path = TodayCardsViewController.swift; sourceTree = "<group>"; };
		C41F63A624B472560051FD7B /* WordzApp.app */ = {isa = PBXFileReference; explicitFileType = wrapper.application; includeInIndex = 0; path = WordzApp.app; sourceTree = BUILT_PRODUCTS_DIR; };
		C41F63A924B472560051FD7B /* AppDelegate.swift */ = {isa = PBXFileReference; lastKnownFileType = sourcecode.swift; path = AppDelegate.swift; sourceTree = "<group>"; };
		C41F63AB24B472560051FD7B /* SceneDelegate.swift */ = {isa = PBXFileReference; lastKnownFileType = sourcecode.swift; path = SceneDelegate.swift; sourceTree = "<group>"; };
		C41F63B024B472560051FD7B /* Base */ = {isa = PBXFileReference; lastKnownFileType = file.storyboard; name = Base; path = Base.lproj/Main.storyboard; sourceTree = "<group>"; };
		C41F63B224B472570051FD7B /* Assets.xcassets */ = {isa = PBXFileReference; lastKnownFileType = folder.assetcatalog; path = Assets.xcassets; sourceTree = "<group>"; };
		C41F63B524B472570051FD7B /* Base */ = {isa = PBXFileReference; lastKnownFileType = file.storyboard; name = Base; path = Base.lproj/LaunchScreen.storyboard; sourceTree = "<group>"; };
		C41F63B724B472570051FD7B /* Info.plist */ = {isa = PBXFileReference; lastKnownFileType = text.plist.xml; path = Info.plist; sourceTree = "<group>"; };
		C41F63BD24B485FB0051FD7B /* HomeCollectionViewController.swift */ = {isa = PBXFileReference; lastKnownFileType = sourcecode.swift; path = HomeCollectionViewController.swift; sourceTree = "<group>"; };
		C41F63BF24B493AC0051FD7B /* HomeCollectionViewHeader.swift */ = {isa = PBXFileReference; lastKnownFileType = sourcecode.swift; path = HomeCollectionViewHeader.swift; sourceTree = "<group>"; };
		C41F63C424B4996C0051FD7B /* Extensions+UIView.swift */ = {isa = PBXFileReference; fileEncoding = 4; lastKnownFileType = sourcecode.swift; path = "Extensions+UIView.swift"; sourceTree = "<group>"; };
		C41F63C824B4A68C0051FD7B /* UserProfileView.swift */ = {isa = PBXFileReference; lastKnownFileType = sourcecode.swift; path = UserProfileView.swift; sourceTree = "<group>"; };
		C41F63CA24B4A69B0051FD7B /* CardView.swift */ = {isa = PBXFileReference; lastKnownFileType = sourcecode.swift; path = CardView.swift; sourceTree = "<group>"; };
		C42EBA4924B717B100F20BB5 /* Sentence.swift */ = {isa = PBXFileReference; lastKnownFileType = sourcecode.swift; path = Sentence.swift; sourceTree = "<group>"; };
		C4306D9B24DD6C4D00223561 /* HomeViewController.swift */ = {isa = PBXFileReference; lastKnownFileType = sourcecode.swift; path = HomeViewController.swift; sourceTree = "<group>"; };
		C4306D9D24DD7EB900223561 /* Etensions+UIButton.swift */ = {isa = PBXFileReference; lastKnownFileType = sourcecode.swift; path = "Etensions+UIButton.swift"; sourceTree = "<group>"; };
		C4306D9F24DD869600223561 /* Extensions+CGFloat.swift */ = {isa = PBXFileReference; lastKnownFileType = sourcecode.swift; path = "Extensions+CGFloat.swift"; sourceTree = "<group>"; };
		C4306DA524DDBDF100223561 /* SettingsView.swift */ = {isa = PBXFileReference; lastKnownFileType = sourcecode.swift; path = SettingsView.swift; sourceTree = "<group>"; };
		C4306DA724DDF2F100223561 /* SettingsViewController.swift */ = {isa = PBXFileReference; lastKnownFileType = sourcecode.swift; path = SettingsViewController.swift; sourceTree = "<group>"; };
		C4348EE724DF4C3300102967 /* Storage+Category.swift */ = {isa = PBXFileReference; lastKnownFileType = sourcecode.swift; path = "Storage+Category.swift"; sourceTree = "<group>"; };
		C4348EE924DF4C8600102967 /* Storage+Level.swift */ = {isa = PBXFileReference; lastKnownFileType = sourcecode.swift; path = "Storage+Level.swift"; sourceTree = "<group>"; };
		C4348EEC24DF4E9F00102967 /* Storage+Sentence.swift */ = {isa = PBXFileReference; lastKnownFileType = sourcecode.swift; path = "Storage+Sentence.swift"; sourceTree = "<group>"; };
		C438ABD624CECEDA0043D234 /* Extensions+Array.swift */ = {isa = PBXFileReference; lastKnownFileType = sourcecode.swift; path = "Extensions+Array.swift"; sourceTree = "<group>"; };
		C438ABD824CEE4BC0043D234 /* Storage.swift */ = {isa = PBXFileReference; lastKnownFileType = sourcecode.swift; path = Storage.swift; sourceTree = "<group>"; };
		C438ABDA24CEE8550043D234 /* Extensions+Calendar.swift */ = {isa = PBXFileReference; lastKnownFileType = sourcecode.swift; path = "Extensions+Calendar.swift"; sourceTree = "<group>"; };
		C438ABDC24CFFDBC0043D234 /* CardsConfigurationView.swift */ = {isa = PBXFileReference; lastKnownFileType = sourcecode.swift; path = CardsConfigurationView.swift; sourceTree = "<group>"; };
		C448E6FB24BDB1E70057881D /* CategoryTableViewController.swift */ = {isa = PBXFileReference; lastKnownFileType = sourcecode.swift; path = CategoryTableViewController.swift; sourceTree = "<group>"; };
		C448E6FD24BDB3880057881D /* Extensions+UIColor.swift */ = {isa = PBXFileReference; lastKnownFileType = sourcecode.swift; path = "Extensions+UIColor.swift"; sourceTree = "<group>"; };
		C448E6FF24BDDBA40057881D /* CategoryTableViewCell.swift */ = {isa = PBXFileReference; lastKnownFileType = sourcecode.swift; path = CategoryTableViewCell.swift; sourceTree = "<group>"; };
		C4660C3024C999FC00658073 /* CategoryTableViewController+UIEmptyState.swift */ = {isa = PBXFileReference; lastKnownFileType = sourcecode.swift; path = "CategoryTableViewController+UIEmptyState.swift"; sourceTree = "<group>"; };
		C473ECD024B85C4B00895008 /* TodayCardView.swift */ = {isa = PBXFileReference; lastKnownFileType = sourcecode.swift; path = TodayCardView.swift; sourceTree = "<group>"; };
		C47585BD24C84AE5008199E2 /* WordzAppModels.xcdatamodel */ = {isa = PBXFileReference; lastKnownFileType = wrapper.xcdatamodel; path = WordzAppModels.xcdatamodel; sourceTree = "<group>"; };
		C47EF66724E9203C006F5971 /* Architecture.swift */ = {isa = PBXFileReference; lastKnownFileType = sourcecode.swift; path = Architecture.swift; sourceTree = "<group>"; };
		C47EF66B24E9712F006F5971 /* Extensions+UINavigationController.swift */ = {isa = PBXFileReference; lastKnownFileType = sourcecode.swift; path = "Extensions+UINavigationController.swift"; sourceTree = "<group>"; };
		C481AEC024B4BFC200F2FC7B /* HomeCollectionViewCell.swift */ = {isa = PBXFileReference; lastKnownFileType = sourcecode.swift; path = HomeCollectionViewCell.swift; sourceTree = "<group>"; };
		C4C3461724CB41120030D8C3 /* CoreDataManager+Category.swift */ = {isa = PBXFileReference; lastKnownFileType = sourcecode.swift; path = "CoreDataManager+Category.swift"; sourceTree = "<group>"; };
		C4C3461924CB41640030D8C3 /* CoreDataManager+Level.swift */ = {isa = PBXFileReference; lastKnownFileType = sourcecode.swift; path = "CoreDataManager+Level.swift"; sourceTree = "<group>"; };
		C4DCD05E24D9DA92008CB85F /* Extensions+UIImage.swift */ = {isa = PBXFileReference; fileEncoding = 4; lastKnownFileType = sourcecode.swift; path = "Extensions+UIImage.swift"; sourceTree = "<group>"; };
		C4E85D7824C8610F00D2B708 /* CategoryViewController.swift */ = {isa = PBXFileReference; lastKnownFileType = sourcecode.swift; path = CategoryViewController.swift; sourceTree = "<group>"; };
		C4E85D7A24C88DD600D2B708 /* CoreDataManager.swift */ = {isa = PBXFileReference; lastKnownFileType = sourcecode.swift; path = CoreDataManager.swift; sourceTree = "<group>"; };
		C4F37F3724B5048500D7807D /* CategoryCollectionViewController.swift */ = {isa = PBXFileReference; lastKnownFileType = sourcecode.swift; path = CategoryCollectionViewController.swift; sourceTree = "<group>"; };
		C4F37F3924B5051600D7807D /* CategoryCollectionViewCell.swift */ = {isa = PBXFileReference; lastKnownFileType = sourcecode.swift; path = CategoryCollectionViewCell.swift; sourceTree = "<group>"; };
		C4F37F3B24B5F68800D7807D /* Category.swift */ = {isa = PBXFileReference; lastKnownFileType = sourcecode.swift; path = Category.swift; sourceTree = "<group>"; };
		CC287A4A4EE90E11FECA748D /* Pods_WordzApp.framework */ = {isa = PBXFileReference; explicitFileType = wrapper.framework; includeInIndex = 0; path = Pods_WordzApp.framework; sourceTree = BUILT_PRODUCTS_DIR; };
/* End PBXFileReference section */

/* Begin PBXFrameworksBuildPhase section */
		C41F63A324B472560051FD7B /* Frameworks */ = {
			isa = PBXFrameworksBuildPhase;
			buildActionMask = 2147483647;
			files = (
				C7FBF5881BE7900F01175F49 /* Pods_WordzApp.framework in Frameworks */,
			);
			runOnlyForDeploymentPostprocessing = 0;
		};
/* End PBXFrameworksBuildPhase section */

/* Begin PBXGroup section */
		8731AAD67B7AA4F0907CFC77 /* Pods */ = {
			isa = PBXGroup;
			children = (
				A308E6FBFD2F7A104FEAF4F4 /* Pods-WordzApp.debug.xcconfig */,
				4C629AF4A5F8A24D7137CA8B /* Pods-WordzApp.release.xcconfig */,
			);
			path = Pods;
			sourceTree = "<group>";
		};
		C41362C824DEDBF10008CCD8 /* Storage */ = {
			isa = PBXGroup;
			children = (
				C4348EEB24DF4DB400102967 /* Sentences */,
				C438ABD824CEE4BC0043D234 /* Storage.swift */,
				C4348EE924DF4C8600102967 /* Storage+Level.swift */,
				C4348EE724DF4C3300102967 /* Storage+Category.swift */,
				C4348EEC24DF4E9F00102967 /* Storage+Sentence.swift */,
			);
			path = Storage;
			sourceTree = "<group>";
		};
		C41362C924DF335D0008CCD8 /* Categories */ = {
			isa = PBXGroup;
			children = (
				C481AEC024B4BFC200F2FC7B /* HomeCollectionViewCell.swift */,
				C41F63BD24B485FB0051FD7B /* HomeCollectionViewController.swift */,
			);
			path = Categories;
			sourceTree = "<group>";
		};
		C41F639D24B472560051FD7B = {
			isa = PBXGroup;
			children = (
				C41F63A824B472560051FD7B /* WordzApp */,
				C41F63A724B472560051FD7B /* Products */,
				8731AAD67B7AA4F0907CFC77 /* Pods */,
				DB2EB97E4D77C5FDA01BB6D7 /* Frameworks */,
			);
			sourceTree = "<group>";
		};
		C41F63A724B472560051FD7B /* Products */ = {
			isa = PBXGroup;
			children = (
				C41F63A624B472560051FD7B /* WordzApp.app */,
			);
			name = Products;
			sourceTree = "<group>";
		};
		C41F63A824B472560051FD7B /* WordzApp */ = {
			isa = PBXGroup;
			children = (
				7785D20924EC02BD00555343 /* loading_animation.json */,
				C41F63C324B4996C0051FD7B /* Extensions */,
				C41F63A924B472560051FD7B /* AppDelegate.swift */,
				C41F63AB24B472560051FD7B /* SceneDelegate.swift */,
				C4660C3224C99E5E00658073 /* Additional */,
				C41362C824DEDBF10008CCD8 /* Storage */,
				C4C3461624CB40D90030D8C3 /* CoreDataManager */,
				C47585B924C844B8008199E2 /* Home */,
				C40384C924EBCBF100675C08 /* HomeBackgroundHeaderView.swift */,
				C4306D9B24DD6C4D00223561 /* HomeViewController.swift */,
				C47585BA24C844D3008199E2 /* Category */,
				C47585BB24C844E1008199E2 /* Cards */,
				C41F63AF24B472560051FD7B /* Main.storyboard */,
				C41F63B224B472570051FD7B /* Assets.xcassets */,
				C41F63B424B472570051FD7B /* LaunchScreen.storyboard */,
				C41F63B724B472570051FD7B /* Info.plist */,
				C47585BC24C84AE5008199E2 /* WordzAppModels.xcdatamodeld */,
			);
			path = WordzApp;
			sourceTree = "<group>";
		};
		C41F63C324B4996C0051FD7B /* Extensions */ = {
			isa = PBXGroup;
			children = (
				C41F63C424B4996C0051FD7B /* Extensions+UIView.swift */,
				C448E6FD24BDB3880057881D /* Extensions+UIColor.swift */,
				C438ABD624CECEDA0043D234 /* Extensions+Array.swift */,
				C438ABDA24CEE8550043D234 /* Extensions+Calendar.swift */,
				C4DCD05E24D9DA92008CB85F /* Extensions+UIImage.swift */,
				C4306D9D24DD7EB900223561 /* Etensions+UIButton.swift */,
				C4306D9F24DD869600223561 /* Extensions+CGFloat.swift */,
				C47EF66B24E9712F006F5971 /* Extensions+UINavigationController.swift */,
			);
			path = Extensions;
			sourceTree = "<group>";
		};
		C42EBA4B24B717B900F20BB5 /* Models */ = {
			isa = PBXGroup;
			children = (
				C42EBA4924B717B100F20BB5 /* Sentence.swift */,
				C4F37F3B24B5F68800D7807D /* Category.swift */,
			);
			path = Models;
			sourceTree = "<group>";
		};
		C4306DA224DDBAC300223561 /* Settings */ = {
			isa = PBXGroup;
			children = (
				C4306DA524DDBDF100223561 /* SettingsView.swift */,
				C4306DA724DDF2F100223561 /* SettingsViewController.swift */,
			);
			path = Settings;
			sourceTree = "<group>";
		};
		C4348EEB24DF4DB400102967 /* Sentences */ = {
			isa = PBXGroup;
			children = (
				C47EF66724E9203C006F5971 /* Architecture.swift */,
			);
			path = Sentences;
			sourceTree = "<group>";
		};
		C4660C3224C99E5E00658073 /* Additional */ = {
			isa = PBXGroup;
			children = (
				C41F63BF24B493AC0051FD7B /* HomeCollectionViewHeader.swift */,
				77F02D6D24B639E600F15519 /* Word.swift */,
				C401EA8D24BB580E00FB116F /* MainTabBarController.swift */,
				C41F63C824B4A68C0051FD7B /* UserProfileView.swift */,
				773F32E224D01B1A006C8482 /* CardResultView.swift */,
				C4F37F3924B5051600D7807D /* CategoryCollectionViewCell.swift */,
				C4F37F3724B5048500D7807D /* CategoryCollectionViewController.swift */,
				7785D20B24EC030000555343 /* CardsUserDefaults.swift */,
				7785D20F24EC039800555343 /* AddFavouriteWordView.swift */,
				C42EBA4B24B717B900F20BB5 /* Models */,
			);
			path = Additional;
			sourceTree = "<group>";
		};
		C47585B924C844B8008199E2 /* Home */ = {
			isa = PBXGroup;
			children = (
				C4306DA224DDBAC300223561 /* Settings */,
				C4C44EDC24CB20260026EF92 /* TodayCards */,
				C41362C924DF335D0008CCD8 /* Categories */,
			);
			path = Home;
			sourceTree = "<group>";
		};
		C47585BA24C844D3008199E2 /* Category */ = {
			isa = PBXGroup;
			children = (
				C448E6FF24BDDBA40057881D /* CategoryTableViewCell.swift */,
				C4660C3024C999FC00658073 /* CategoryTableViewController+UIEmptyState.swift */,
				C448E6FB24BDB1E70057881D /* CategoryTableViewController.swift */,
				C4E85D7824C8610F00D2B708 /* CategoryViewController.swift */,
				7785D20D24EC034400555343 /* CategoryVC+AddFavouriteWord.swift */,
			);
			path = Category;
			sourceTree = "<group>";
		};
		C47585BB24C844E1008199E2 /* Cards */ = {
			isa = PBXGroup;
			children = (
				C41F63CA24B4A69B0051FD7B /* CardView.swift */,
				C438ABDC24CFFDBC0043D234 /* CardsConfigurationView.swift */,
				77F02D6B24B6021300F15519 /* CardsViewController.swift */,
				77DD303824EC01A8004C93B0 /* LoadingView.swift */,
			);
			path = Cards;
			sourceTree = "<group>";
		};
		C4C3461624CB40D90030D8C3 /* CoreDataManager */ = {
			isa = PBXGroup;
			children = (
				C4E85D7A24C88DD600D2B708 /* CoreDataManager.swift */,
				C4C3461924CB41640030D8C3 /* CoreDataManager+Level.swift */,
				C4C3461724CB41120030D8C3 /* CoreDataManager+Category.swift */,
			);
			path = CoreDataManager;
			sourceTree = "<group>";
		};
		C4C44EDC24CB20260026EF92 /* TodayCards */ = {
			isa = PBXGroup;
			children = (
				C473ECD024B85C4B00895008 /* TodayCardView.swift */,
				C40384CC24EBFD1000675C08 /* TodayCardsViewController.swift */,
			);
			path = TodayCards;
			sourceTree = "<group>";
		};
		DB2EB97E4D77C5FDA01BB6D7 /* Frameworks */ = {
			isa = PBXGroup;
			children = (
				CC287A4A4EE90E11FECA748D /* Pods_WordzApp.framework */,
			);
			name = Frameworks;
			sourceTree = "<group>";
		};
/* End PBXGroup section */

/* Begin PBXNativeTarget section */
		C41F63A524B472560051FD7B /* WordzApp */ = {
			isa = PBXNativeTarget;
			buildConfigurationList = C41F63BA24B472570051FD7B /* Build configuration list for PBXNativeTarget "WordzApp" */;
			buildPhases = (
				FC1AF8C19B2346545A376881 /* [CP] Check Pods Manifest.lock */,
				C41F63A224B472560051FD7B /* Sources */,
				C41F63A324B472560051FD7B /* Frameworks */,
				C41F63A424B472560051FD7B /* Resources */,
				A8D3AA526DDCBD1033E6E5C9 /* [CP] Embed Pods Frameworks */,
			);
			buildRules = (
			);
			dependencies = (
			);
			name = WordzApp;
			productName = WordzApp;
			productReference = C41F63A624B472560051FD7B /* WordzApp.app */;
			productType = "com.apple.product-type.application";
		};
/* End PBXNativeTarget section */

/* Begin PBXProject section */
		C41F639E24B472560051FD7B /* Project object */ = {
			isa = PBXProject;
			attributes = {
				LastSwiftUpdateCheck = 1130;
				LastUpgradeCheck = 1130;
				ORGANIZATIONNAME = "Mac-HOME";
				TargetAttributes = {
					C41F63A524B472560051FD7B = {
						CreatedOnToolsVersion = 11.3.1;
					};
				};
			};
			buildConfigurationList = C41F63A124B472560051FD7B /* Build configuration list for PBXProject "WordzApp" */;
			compatibilityVersion = "Xcode 9.3";
			developmentRegion = en;
			hasScannedForEncodings = 0;
			knownRegions = (
				en,
				Base,
			);
			mainGroup = C41F639D24B472560051FD7B;
			productRefGroup = C41F63A724B472560051FD7B /* Products */;
			projectDirPath = "";
			projectRoot = "";
			targets = (
				C41F63A524B472560051FD7B /* WordzApp */,
			);
		};
/* End PBXProject section */

/* Begin PBXResourcesBuildPhase section */
		C41F63A424B472560051FD7B /* Resources */ = {
			isa = PBXResourcesBuildPhase;
			buildActionMask = 2147483647;
			files = (
				C41F63B624B472570051FD7B /* LaunchScreen.storyboard in Resources */,
				C41F63B324B472570051FD7B /* Assets.xcassets in Resources */,
				C41F63B124B472560051FD7B /* Main.storyboard in Resources */,
				7785D20A24EC02BD00555343 /* loading_animation.json in Resources */,
			);
			runOnlyForDeploymentPostprocessing = 0;
		};
/* End PBXResourcesBuildPhase section */

/* Begin PBXShellScriptBuildPhase section */
		A8D3AA526DDCBD1033E6E5C9 /* [CP] Embed Pods Frameworks */ = {
			isa = PBXShellScriptBuildPhase;
			buildActionMask = 2147483647;
			files = (
			);
			inputFileListPaths = (
				"${PODS_ROOT}/Target Support Files/Pods-WordzApp/Pods-WordzApp-frameworks-${CONFIGURATION}-input-files.xcfilelist",
			);
			name = "[CP] Embed Pods Frameworks";
			outputFileListPaths = (
				"${PODS_ROOT}/Target Support Files/Pods-WordzApp/Pods-WordzApp-frameworks-${CONFIGURATION}-output-files.xcfilelist",
			);
			runOnlyForDeploymentPostprocessing = 0;
			shellPath = /bin/sh;
			shellScript = "\"${PODS_ROOT}/Target Support Files/Pods-WordzApp/Pods-WordzApp-frameworks.sh\"\n";
			showEnvVarsInLog = 0;
		};
		FC1AF8C19B2346545A376881 /* [CP] Check Pods Manifest.lock */ = {
			isa = PBXShellScriptBuildPhase;
			buildActionMask = 2147483647;
			files = (
			);
			inputFileListPaths = (
			);
			inputPaths = (
				"${PODS_PODFILE_DIR_PATH}/Podfile.lock",
				"${PODS_ROOT}/Manifest.lock",
			);
			name = "[CP] Check Pods Manifest.lock";
			outputFileListPaths = (
			);
			outputPaths = (
				"$(DERIVED_FILE_DIR)/Pods-WordzApp-checkManifestLockResult.txt",
			);
			runOnlyForDeploymentPostprocessing = 0;
			shellPath = /bin/sh;
			shellScript = "diff \"${PODS_PODFILE_DIR_PATH}/Podfile.lock\" \"${PODS_ROOT}/Manifest.lock\" > /dev/null\nif [ $? != 0 ] ; then\n    # print error to STDERR\n    echo \"error: The sandbox is not in sync with the Podfile.lock. Run 'pod install' or update your CocoaPods installation.\" >&2\n    exit 1\nfi\n# This output is used by Xcode 'outputs' to avoid re-running this script phase.\necho \"SUCCESS\" > \"${SCRIPT_OUTPUT_FILE_0}\"\n";
			showEnvVarsInLog = 0;
		};
/* End PBXShellScriptBuildPhase section */

/* Begin PBXSourcesBuildPhase section */
		C41F63A224B472560051FD7B /* Sources */ = {
			isa = PBXSourcesBuildPhase;
			buildActionMask = 2147483647;
			files = (
				C438ABDB24CEE8550043D234 /* Extensions+Calendar.swift in Sources */,
				C473ECD124B85C4B00895008 /* TodayCardView.swift in Sources */,
				C438ABD924CEE4BC0043D234 /* Storage.swift in Sources */,
				C4306D9C24DD6C4D00223561 /* HomeViewController.swift in Sources */,
				C41F63C924B4A68C0051FD7B /* UserProfileView.swift in Sources */,
				C4306DA824DDF2F100223561 /* SettingsViewController.swift in Sources */,
				C448E6FE24BDB3880057881D /* Extensions+UIColor.swift in Sources */,
				C4306DA624DDBDF100223561 /* SettingsView.swift in Sources */,
				7785D20E24EC034400555343 /* CategoryVC+AddFavouriteWord.swift in Sources */,
				77F02D6E24B639E600F15519 /* Word.swift in Sources */,
				C4348EE824DF4C3300102967 /* Storage+Category.swift in Sources */,
				C41F63BE24B485FB0051FD7B /* HomeCollectionViewController.swift in Sources */,
				C4E85D7B24C88DD600D2B708 /* CoreDataManager.swift in Sources */,
				C4DCD05F24D9DA92008CB85F /* Extensions+UIImage.swift in Sources */,
				C40384CA24EBCBF100675C08 /* HomeBackgroundHeaderView.swift in Sources */,
				C40384CA24EBCBF100675C08 /* HeaderView.swift in Sources */,
				7785D20C24EC030000555343 /* CardsUserDefaults.swift in Sources */,
				C4348EED24DF4E9F00102967 /* Storage+Sentence.swift in Sources */,
				C40384CD24EBFD1000675C08 /* TodayCardsViewController.swift in Sources */,
				C448E6FC24BDB1E70057881D /* CategoryTableViewController.swift in Sources */,
				C41F63C524B4996C0051FD7B /* Extensions+UIView.swift in Sources */,
				C438ABDD24CFFDBC0043D234 /* CardsConfigurationView.swift in Sources */,
				C4660C3124C999FC00658073 /* CategoryTableViewController+UIEmptyState.swift in Sources */,
				77DD303924EC01A8004C93B0 /* LoadingView.swift in Sources */,
				C4E85D7924C8610F00D2B708 /* CategoryViewController.swift in Sources */,
				C4F37F3A24B5051600D7807D /* CategoryCollectionViewCell.swift in Sources */,
				C4F37F3824B5048500D7807D /* CategoryCollectionViewController.swift in Sources */,
				C4348EEA24DF4C8600102967 /* Storage+Level.swift in Sources */,
				C42EBA4A24B717B100F20BB5 /* Sentence.swift in Sources */,
				C4C3461824CB41120030D8C3 /* CoreDataManager+Category.swift in Sources */,
				7785D21024EC039800555343 /* AddFavouriteWordView.swift in Sources */,
				C47EF66824E9203C006F5971 /* Architecture.swift in Sources */,
				C41F63AA24B472560051FD7B /* AppDelegate.swift in Sources */,
				77F02D6C24B6021300F15519 /* CardsViewController.swift in Sources */,
				C4306D9E24DD7EB900223561 /* Etensions+UIButton.swift in Sources */,
				C4C3461A24CB41640030D8C3 /* CoreDataManager+Level.swift in Sources */,
				C481AEC124B4BFC200F2FC7B /* HomeCollectionViewCell.swift in Sources */,
				C4306DA024DD869600223561 /* Extensions+CGFloat.swift in Sources */,
				773F32E324D01B1A006C8482 /* CardResultView.swift in Sources */,
				C41F63C024B493AC0051FD7B /* HomeCollectionViewHeader.swift in Sources */,
				C47EF66C24E9712F006F5971 /* Extensions+UINavigationController.swift in Sources */,
				C47585BE24C84AE5008199E2 /* WordzAppModels.xcdatamodeld in Sources */,
				C438ABD724CECEDA0043D234 /* Extensions+Array.swift in Sources */,
				C448E70024BDDBA40057881D /* CategoryTableViewCell.swift in Sources */,
				C41F63CB24B4A69B0051FD7B /* CardView.swift in Sources */,
				C41F63AC24B472560051FD7B /* SceneDelegate.swift in Sources */,
				C4F37F3C24B5F68800D7807D /* Category.swift in Sources */,
				C401EA8E24BB580E00FB116F /* MainTabBarController.swift in Sources */,
			);
			runOnlyForDeploymentPostprocessing = 0;
		};
/* End PBXSourcesBuildPhase section */

/* Begin PBXVariantGroup section */
		C41F63AF24B472560051FD7B /* Main.storyboard */ = {
			isa = PBXVariantGroup;
			children = (
				C41F63B024B472560051FD7B /* Base */,
			);
			name = Main.storyboard;
			sourceTree = "<group>";
		};
		C41F63B424B472570051FD7B /* LaunchScreen.storyboard */ = {
			isa = PBXVariantGroup;
			children = (
				C41F63B524B472570051FD7B /* Base */,
			);
			name = LaunchScreen.storyboard;
			sourceTree = "<group>";
		};
/* End PBXVariantGroup section */

/* Begin XCBuildConfiguration section */
		C41F63B824B472570051FD7B /* Debug */ = {
			isa = XCBuildConfiguration;
			buildSettings = {
				ALWAYS_SEARCH_USER_PATHS = NO;
				CLANG_ANALYZER_NONNULL = YES;
				CLANG_ANALYZER_NUMBER_OBJECT_CONVERSION = YES_AGGRESSIVE;
				CLANG_CXX_LANGUAGE_STANDARD = "gnu++14";
				CLANG_CXX_LIBRARY = "libc++";
				CLANG_ENABLE_MODULES = YES;
				CLANG_ENABLE_OBJC_ARC = YES;
				CLANG_ENABLE_OBJC_WEAK = YES;
				CLANG_WARN_BLOCK_CAPTURE_AUTORELEASING = YES;
				CLANG_WARN_BOOL_CONVERSION = YES;
				CLANG_WARN_COMMA = YES;
				CLANG_WARN_CONSTANT_CONVERSION = YES;
				CLANG_WARN_DEPRECATED_OBJC_IMPLEMENTATIONS = YES;
				CLANG_WARN_DIRECT_OBJC_ISA_USAGE = YES_ERROR;
				CLANG_WARN_DOCUMENTATION_COMMENTS = YES;
				CLANG_WARN_EMPTY_BODY = YES;
				CLANG_WARN_ENUM_CONVERSION = YES;
				CLANG_WARN_INFINITE_RECURSION = YES;
				CLANG_WARN_INT_CONVERSION = YES;
				CLANG_WARN_NON_LITERAL_NULL_CONVERSION = YES;
				CLANG_WARN_OBJC_IMPLICIT_RETAIN_SELF = YES;
				CLANG_WARN_OBJC_LITERAL_CONVERSION = YES;
				CLANG_WARN_OBJC_ROOT_CLASS = YES_ERROR;
				CLANG_WARN_RANGE_LOOP_ANALYSIS = YES;
				CLANG_WARN_STRICT_PROTOTYPES = YES;
				CLANG_WARN_SUSPICIOUS_MOVE = YES;
				CLANG_WARN_UNGUARDED_AVAILABILITY = YES_AGGRESSIVE;
				CLANG_WARN_UNREACHABLE_CODE = YES;
				CLANG_WARN__DUPLICATE_METHOD_MATCH = YES;
				COPY_PHASE_STRIP = NO;
				DEBUG_INFORMATION_FORMAT = dwarf;
				ENABLE_STRICT_OBJC_MSGSEND = YES;
				ENABLE_TESTABILITY = YES;
				GCC_C_LANGUAGE_STANDARD = gnu11;
				GCC_DYNAMIC_NO_PIC = NO;
				GCC_NO_COMMON_BLOCKS = YES;
				GCC_OPTIMIZATION_LEVEL = 0;
				GCC_PREPROCESSOR_DEFINITIONS = (
					"DEBUG=1",
					"$(inherited)",
				);
				GCC_WARN_64_TO_32_BIT_CONVERSION = YES;
				GCC_WARN_ABOUT_RETURN_TYPE = YES_ERROR;
				GCC_WARN_UNDECLARED_SELECTOR = YES;
				GCC_WARN_UNINITIALIZED_AUTOS = YES_AGGRESSIVE;
				GCC_WARN_UNUSED_FUNCTION = YES;
				GCC_WARN_UNUSED_VARIABLE = YES;
				IPHONEOS_DEPLOYMENT_TARGET = 13.2;
				MTL_ENABLE_DEBUG_INFO = INCLUDE_SOURCE;
				MTL_FAST_MATH = YES;
				ONLY_ACTIVE_ARCH = YES;
				SDKROOT = iphoneos;
				SWIFT_ACTIVE_COMPILATION_CONDITIONS = DEBUG;
				SWIFT_OPTIMIZATION_LEVEL = "-Onone";
			};
			name = Debug;
		};
		C41F63B924B472570051FD7B /* Release */ = {
			isa = XCBuildConfiguration;
			buildSettings = {
				ALWAYS_SEARCH_USER_PATHS = NO;
				CLANG_ANALYZER_NONNULL = YES;
				CLANG_ANALYZER_NUMBER_OBJECT_CONVERSION = YES_AGGRESSIVE;
				CLANG_CXX_LANGUAGE_STANDARD = "gnu++14";
				CLANG_CXX_LIBRARY = "libc++";
				CLANG_ENABLE_MODULES = YES;
				CLANG_ENABLE_OBJC_ARC = YES;
				CLANG_ENABLE_OBJC_WEAK = YES;
				CLANG_WARN_BLOCK_CAPTURE_AUTORELEASING = YES;
				CLANG_WARN_BOOL_CONVERSION = YES;
				CLANG_WARN_COMMA = YES;
				CLANG_WARN_CONSTANT_CONVERSION = YES;
				CLANG_WARN_DEPRECATED_OBJC_IMPLEMENTATIONS = YES;
				CLANG_WARN_DIRECT_OBJC_ISA_USAGE = YES_ERROR;
				CLANG_WARN_DOCUMENTATION_COMMENTS = YES;
				CLANG_WARN_EMPTY_BODY = YES;
				CLANG_WARN_ENUM_CONVERSION = YES;
				CLANG_WARN_INFINITE_RECURSION = YES;
				CLANG_WARN_INT_CONVERSION = YES;
				CLANG_WARN_NON_LITERAL_NULL_CONVERSION = YES;
				CLANG_WARN_OBJC_IMPLICIT_RETAIN_SELF = YES;
				CLANG_WARN_OBJC_LITERAL_CONVERSION = YES;
				CLANG_WARN_OBJC_ROOT_CLASS = YES_ERROR;
				CLANG_WARN_RANGE_LOOP_ANALYSIS = YES;
				CLANG_WARN_STRICT_PROTOTYPES = YES;
				CLANG_WARN_SUSPICIOUS_MOVE = YES;
				CLANG_WARN_UNGUARDED_AVAILABILITY = YES_AGGRESSIVE;
				CLANG_WARN_UNREACHABLE_CODE = YES;
				CLANG_WARN__DUPLICATE_METHOD_MATCH = YES;
				COPY_PHASE_STRIP = NO;
				DEBUG_INFORMATION_FORMAT = "dwarf-with-dsym";
				ENABLE_NS_ASSERTIONS = NO;
				ENABLE_STRICT_OBJC_MSGSEND = YES;
				GCC_C_LANGUAGE_STANDARD = gnu11;
				GCC_NO_COMMON_BLOCKS = YES;
				GCC_WARN_64_TO_32_BIT_CONVERSION = YES;
				GCC_WARN_ABOUT_RETURN_TYPE = YES_ERROR;
				GCC_WARN_UNDECLARED_SELECTOR = YES;
				GCC_WARN_UNINITIALIZED_AUTOS = YES_AGGRESSIVE;
				GCC_WARN_UNUSED_FUNCTION = YES;
				GCC_WARN_UNUSED_VARIABLE = YES;
				IPHONEOS_DEPLOYMENT_TARGET = 13.2;
				MTL_ENABLE_DEBUG_INFO = NO;
				MTL_FAST_MATH = YES;
				SDKROOT = iphoneos;
				SWIFT_COMPILATION_MODE = wholemodule;
				SWIFT_OPTIMIZATION_LEVEL = "-O";
				VALIDATE_PRODUCT = YES;
			};
			name = Release;
		};
		C41F63BB24B472570051FD7B /* Debug */ = {
			isa = XCBuildConfiguration;
			baseConfigurationReference = A308E6FBFD2F7A104FEAF4F4 /* Pods-WordzApp.debug.xcconfig */;
			buildSettings = {
				ASSETCATALOG_COMPILER_APPICON_NAME = AppIcon;
				CODE_SIGN_STYLE = Automatic;
				DEVELOPMENT_TEAM = 65KXLC634U;
				INFOPLIST_FILE = WordzApp/Info.plist;
				IPHONEOS_DEPLOYMENT_TARGET = 13.2;
				LD_RUNPATH_SEARCH_PATHS = (
					"$(inherited)",
					"@executable_path/Frameworks",
				);
				PRODUCT_BUNDLE_IDENTIFIER = codeweb.WordzApp;
				PRODUCT_NAME = WordzApp;
				SWIFT_VERSION = 5.0;
				TARGETED_DEVICE_FAMILY = "1,2";
			};
			name = Debug;
		};
		C41F63BC24B472570051FD7B /* Release */ = {
			isa = XCBuildConfiguration;
			baseConfigurationReference = 4C629AF4A5F8A24D7137CA8B /* Pods-WordzApp.release.xcconfig */;
			buildSettings = {
				ASSETCATALOG_COMPILER_APPICON_NAME = AppIcon;
				CODE_SIGN_STYLE = Automatic;
				DEVELOPMENT_TEAM = 65KXLC634U;
				INFOPLIST_FILE = WordzApp/Info.plist;
				IPHONEOS_DEPLOYMENT_TARGET = 13.2;
				LD_RUNPATH_SEARCH_PATHS = (
					"$(inherited)",
					"@executable_path/Frameworks",
				);
				PRODUCT_BUNDLE_IDENTIFIER = codeweb.WordzApp;
				PRODUCT_NAME = WordzApp;
				SWIFT_VERSION = 5.0;
				TARGETED_DEVICE_FAMILY = "1,2";
			};
			name = Release;
		};
/* End XCBuildConfiguration section */

/* Begin XCConfigurationList section */
		C41F63A124B472560051FD7B /* Build configuration list for PBXProject "WordzApp" */ = {
			isa = XCConfigurationList;
			buildConfigurations = (
				C41F63B824B472570051FD7B /* Debug */,
				C41F63B924B472570051FD7B /* Release */,
			);
			defaultConfigurationIsVisible = 0;
			defaultConfigurationName = Release;
		};
		C41F63BA24B472570051FD7B /* Build configuration list for PBXNativeTarget "WordzApp" */ = {
			isa = XCConfigurationList;
			buildConfigurations = (
				C41F63BB24B472570051FD7B /* Debug */,
				C41F63BC24B472570051FD7B /* Release */,
			);
			defaultConfigurationIsVisible = 0;
			defaultConfigurationName = Release;
		};
/* End XCConfigurationList section */

/* Begin XCVersionGroup section */
		C47585BC24C84AE5008199E2 /* WordzAppModels.xcdatamodeld */ = {
			isa = XCVersionGroup;
			children = (
				C47585BD24C84AE5008199E2 /* WordzAppModels.xcdatamodel */,
			);
			currentVersion = C47585BD24C84AE5008199E2 /* WordzAppModels.xcdatamodel */;
			path = WordzAppModels.xcdatamodeld;
			sourceTree = "<group>";
			versionGroupType = wrapper.xcdatamodel;
		};
/* End XCVersionGroup section */
	};
	rootObject = C41F639E24B472560051FD7B /* Project object */;
}
